<?xml version="1.0" encoding="utf-8"?>
<Project ToolsVersion="4.0" xmlns="http://schemas.microsoft.com/developer/msbuild/2003">
  <ItemGroup>
    <Filter Include="Source Files">
      <UniqueIdentifier>{4FC737F1-C7A5-4376-A066-2A32D752A2FF}</UniqueIdentifier>
      <Extensions>cpp;c;cc;cxx;def;odl;idl;hpj;bat;asm;asmx</Extensions>
    </Filter>
  </ItemGroup>
  <ItemGroup>
    <ClCompile Include="main.cpp">
      <Filter>Source Files</Filter>
    </ClCompile>
    <ClCompile Include="dxbc_debug.cpp">
      <Filter>Source Files</Filter>
    </ClCompile>
    <ClCompile Include="dxbc_disassemble.cpp">
      <Filter>Source Files</Filter>
    </ClCompile>
    <ClCompile Include="dxbc_inspect.cpp">
      <Filter>Source Files</Filter>
    </ClCompile>
  </ItemGroup>
  <ItemGroup>
    <FxCompile Include="shaders_test.hlsl" />
  </ItemGroup>
  <ItemGroup>
    <ClInclude Include="dxbc_debug.h" />
    <ClInclude Include="dxbc_disassemble.h" />
    <ClInclude Include="dxbc_inspect.h" />
    <ClInclude Include="dxbc_sdbg.h" />
    <ClInclude Include="dxbc_spdb.h" />
    <ClInclude Include="replay_enums.h" />
  </ItemGroup>
</Project>